hash: b9d9b7a1fbc957f5ca172359704f18420dce322c0a62fd5700a1cf445b336f25
updated: 2017-12-28T17:26:26.887233141-05:00
imports:
- name: github.com/bwmarrin/discordgo
  version: 4a33b9bc7c56cfdb9bb244e33e83cb3941fe2bdc
- name: github.com/gorilla/websocket
  version: d965e9adc66deebadcc7d0c6c7598e2a4baa7838
- name: github.com/Sirupsen/logrus
  version: ba1b36c82c5e05c4f912a88eab0dcd91a171688f
- name: golang.org/x/crypto
  version: 95a4943f35d008beabde8c11e5075a1b714e6419
  subpackages:
  - nacl/secretbox
  - poly1305
  - salsa20/salsa
- name: golang.org/x/sys
  version: 83801418e1b59fb1880e363299581ee543af32ca
  subpackages:
  - unix
testImports: []
